
Microsoft Visual Studio Solution File, Format Version 12.00
# Visual Studio Version 17
VisualStudioVersion = 17.1.32421.90
MinimumVisualStudioVersion = 10.0.40219.1
Project("{FAE04EC0-301F-11D3-BF4B-00C04F79EFBC}") = "WinFormsApp1", "WinFormsApp1.csproj", "{C3EA0CD4-E1E8-4F18-B142-6DDA660CA118}"
EndProject
Global
	GlobalSection(SolutionConfigurationPlatforms) = preSolution
		Debug|Any CPU = Debug|Any CPU
		Release|Any CPU = Release|Any CPU
	EndGlobalSection
	GlobalSection(ProjectConfigurationPlatforms) = postSolution
		{C3EA0CD4-E1E8-4F18-B142-6DDA660CA118}.Debug|Any CPU.ActiveCfg = Debug|Any CPU
		{C3EA0CD4-E1E8-4F18-B142-6DDA660CA118}.Debug|Any CPU.Build.0 = Debug|Any CPU
		{C3EA0CD4-E1E8-4F18-B142-6DDA660CA118}.Release|Any CPU.ActiveCfg = Release|Any CPU
		{C3EA0CD4-E1E8-4F18-B142-6DDA660CA118}.Release|Any CPU.Build.0 = Release|Any CPU
	EndGlobalSection
	GlobalSection(SolutionProperties) = preSolution
		HideSolutionNode = FALSE
	EndGlobalSection
	GlobalSection(ExtensibilityGlobals) = postSolution
		SolutionGuid = {2A017F60-0187-4624-B128-E83AFD15445E}
	EndGlobalSection
EndGlobal
